
Microsoft Visual Studio Solution File, Format Version 12.00
# Visual Studio Version 16
VisualStudioVersion = 16.0.28803.202
MinimumVisualStudioVersion = 10.0.40219.1
Project("{FAE04EC0-301F-11D3-BF4B-00C04F79EFBC}") = "DKRDataManager", "DKRDataManager\DKRDataManager.csproj", "{085E0BB8-9FAA-4ECF-995C-8B72A45FBC0E}"
EndProject
Project("{00D1A9C2-B5F0-4AF3-8072-F6C62B433612}") = "DKRData", "DKRData\DKRData.sqlproj", "{613E3B92-164F-41DC-A0F8-1350C607C08D}"
EndProject
Project("{FAE04EC0-301F-11D3-BF4B-00C04F79EFBC}") = "DKRDesktopUI", "DKRDesktopUI\DKRDesktopUI.csproj", "{7E07D4B0-43C4-4300-ABB0-27DD100E9B3F}"
EndProject
Project("{FAE04EC0-301F-11D3-BF4B-00C04F79EFBC}") = "DKRDataManager.Library", "DKRDataManager.Library\DKRDataManager.Library.csproj", "{7D45431D-FCE0-4F56-AA9C-106E4DC29545}"
EndProject
Global
	GlobalSection(SolutionConfigurationPlatforms) = preSolution
		Debug|Any CPU = Debug|Any CPU
		Release|Any CPU = Release|Any CPU
	EndGlobalSection
	GlobalSection(ProjectConfigurationPlatforms) = postSolution
		{085E0BB8-9FAA-4ECF-995C-8B72A45FBC0E}.Debug|Any CPU.ActiveCfg = Debug|Any CPU
		{085E0BB8-9FAA-4ECF-995C-8B72A45FBC0E}.Debug|Any CPU.Build.0 = Debug|Any CPU
		{085E0BB8-9FAA-4ECF-995C-8B72A45FBC0E}.Release|Any CPU.ActiveCfg = Release|Any CPU
		{085E0BB8-9FAA-4ECF-995C-8B72A45FBC0E}.Release|Any CPU.Build.0 = Release|Any CPU
		{613E3B92-164F-41DC-A0F8-1350C607C08D}.Debug|Any CPU.ActiveCfg = Debug|Any CPU
		{613E3B92-164F-41DC-A0F8-1350C607C08D}.Debug|Any CPU.Build.0 = Debug|Any CPU
		{613E3B92-164F-41DC-A0F8-1350C607C08D}.Debug|Any CPU.Deploy.0 = Debug|Any CPU
		{613E3B92-164F-41DC-A0F8-1350C607C08D}.Release|Any CPU.ActiveCfg = Release|Any CPU
		{613E3B92-164F-41DC-A0F8-1350C607C08D}.Release|Any CPU.Build.0 = Release|Any CPU
		{613E3B92-164F-41DC-A0F8-1350C607C08D}.Release|Any CPU.Deploy.0 = Release|Any CPU
		{7E07D4B0-43C4-4300-ABB0-27DD100E9B3F}.Debug|Any CPU.ActiveCfg = Debug|Any CPU
		{7E07D4B0-43C4-4300-ABB0-27DD100E9B3F}.Debug|Any CPU.Build.0 = Debug|Any CPU
		{7E07D4B0-43C4-4300-ABB0-27DD100E9B3F}.Release|Any CPU.ActiveCfg = Release|Any CPU
		{7E07D4B0-43C4-4300-ABB0-27DD100E9B3F}.Release|Any CPU.Build.0 = Release|Any CPU
		{7D45431D-FCE0-4F56-AA9C-106E4DC29545}.Debug|Any CPU.ActiveCfg = Debug|Any CPU
		{7D45431D-FCE0-4F56-AA9C-106E4DC29545}.Debug|Any CPU.Build.0 = Debug|Any CPU
		{7D45431D-FCE0-4F56-AA9C-106E4DC29545}.Release|Any CPU.ActiveCfg = Release|Any CPU
		{7D45431D-FCE0-4F56-AA9C-106E4DC29545}.Release|Any CPU.Build.0 = Release|Any CPU
	EndGlobalSection
	GlobalSection(SolutionProperties) = preSolution
		HideSolutionNode = FALSE
	EndGlobalSection
	GlobalSection(ExtensibilityGlobals) = postSolution
		SolutionGuid = {08E58A78-C53F-4836-9D1C-141CB5B2BD12}
	EndGlobalSection
EndGlobal
